<Solution>
  <Configurations>
    <BuildType Name="Alpha" />
    <BuildType Name="Beta" />
    <BuildType Name="Debug" />
    <BuildType Name="Release" />
  </Configurations>
  <Project Path="BardMusicPlayer.XIVMIDI/BardMusicPlayer.XIVMIDI.csproj" />
  <Project Path="Midibard/MidiBard2.csproj" />
</Solution>
